
Microsoft Visual Studio Solution File, Format Version 12.00
Project("{2150E333-8FDC-42A3-9474-1A3956D46DE8}") = "Solution Items", "Solution Items", "{71776292-9847-4EAD-AE1C-70EA9FE2717B}"
	ProjectSection(SolutionItems) = preProject
		docker-compose.yml = docker-compose.yml
		.gitignore = .gitignore
		CONTRIBUTING.md = CONTRIBUTING.md
		README.md = README.md
	EndProjectSection
EndProject
Project("{FAE04EC0-301F-11D3-BF4B-00C04F79EFBC}") = "Truman.Data", "src\Truman.Data\Truman.Data.csproj", "{4B431125-D3BD-45F1-BBC5-0A8FFB5DF8CA}"
EndProject
Project("{FAE04EC0-301F-11D3-BF4B-00C04F79EFBC}") = "Truman.Api", "src\Truman.Api\Truman.Api.csproj", "{7C8EDADD-5456-434B-9BC0-EA779B1C7817}"
EndProject
Project("{FAE04EC0-301F-11D3-BF4B-00C04F79EFBC}") = "Truman.JobRunner", "src\Truman.JobRunner\Truman.JobRunner.csproj", "{0E1904F1-4D5C-4F83-9B5A-B3F360AD85D5}"
EndProject
Project("{2150E333-8FDC-42A3-9474-1A3956D46DE8}") = "src", "src", "{612008FE-8DBC-468F-84AD-07D77CD9C1D3}"
	ProjectSection(SolutionItems) = preProject
		src\Directory.Build.props = src\Directory.Build.props
		src\Directory.Packages.props = src\Directory.Packages.props
	EndProjectSection
EndProject
Global
	GlobalSection(SolutionConfigurationPlatforms) = preSolution
		Debug|Any CPU = Debug|Any CPU
		Release|Any CPU = Release|Any CPU
	EndGlobalSection
	GlobalSection(ProjectConfigurationPlatforms) = postSolution
		{4B431125-D3BD-45F1-BBC5-0A8FFB5DF8CA}.Debug|Any CPU.ActiveCfg = Debug|Any CPU
		{4B431125-D3BD-45F1-BBC5-0A8FFB5DF8CA}.Debug|Any CPU.Build.0 = Debug|Any CPU
		{4B431125-D3BD-45F1-BBC5-0A8FFB5DF8CA}.Release|Any CPU.ActiveCfg = Release|Any CPU
		{4B431125-D3BD-45F1-BBC5-0A8FFB5DF8CA}.Release|Any CPU.Build.0 = Release|Any CPU
		{7C8EDADD-5456-434B-9BC0-EA779B1C7817}.Debug|Any CPU.ActiveCfg = Debug|Any CPU
		{7C8EDADD-5456-434B-9BC0-EA779B1C7817}.Debug|Any CPU.Build.0 = Debug|Any CPU
		{7C8EDADD-5456-434B-9BC0-EA779B1C7817}.Release|Any CPU.ActiveCfg = Release|Any CPU
		{7C8EDADD-5456-434B-9BC0-EA779B1C7817}.Release|Any CPU.Build.0 = Release|Any CPU
		{0E1904F1-4D5C-4F83-9B5A-B3F360AD85D5}.Debug|Any CPU.ActiveCfg = Debug|Any CPU
		{0E1904F1-4D5C-4F83-9B5A-B3F360AD85D5}.Debug|Any CPU.Build.0 = Debug|Any CPU
		{0E1904F1-4D5C-4F83-9B5A-B3F360AD85D5}.Release|Any CPU.ActiveCfg = Release|Any CPU
		{0E1904F1-4D5C-4F83-9B5A-B3F360AD85D5}.Release|Any CPU.Build.0 = Release|Any CPU
	EndGlobalSection
	GlobalSection(NestedProjects) = preSolution
		{7C8EDADD-5456-434B-9BC0-EA779B1C7817} = {612008FE-8DBC-468F-84AD-07D77CD9C1D3}
		{4B431125-D3BD-45F1-BBC5-0A8FFB5DF8CA} = {612008FE-8DBC-468F-84AD-07D77CD9C1D3}
		{0E1904F1-4D5C-4F83-9B5A-B3F360AD85D5} = {612008FE-8DBC-468F-84AD-07D77CD9C1D3}
	EndGlobalSection
EndGlobal
