
Microsoft Visual Studio Solution File, Format Version 12.00
Project("{2150E333-8FDC-42A3-9474-1A3956D46DE8}") = "Solution Items", "Solution Items", "{71776292-9847-4EAD-AE1C-70EA9FE2717B}"
	ProjectSection(SolutionItems) = preProject
		docker-compose.yml = docker-compose.yml
		.gitignore = .gitignore
		CONTRIBUTING.md = CONTRIBUTING.md
		README.md = README.md
	EndProjectSection
EndProject
Project("{FAE04EC0-301F-11D3-BF4B-00C04F79EFBC}") = "Truman.Api", "Truman.Api\Truman.Api.csproj", "{2B5327C0-ACDC-4B8D-BF06-7F93B46E230D}"
EndProject
Project("{FAE04EC0-301F-11D3-BF4B-00C04F79EFBC}") = "Truman.Job.RssFetcher", "Truman.Job.RssFetcher\Truman.Job.RssFetcher.csproj", "{748936C1-3299-4F4B-A7E3-1F6D34BD66C4}"
EndProject
Project("{FAE04EC0-301F-11D3-BF4B-00C04F79EFBC}") = "Truman.Data", "Truman.Data\Truman.Data.csproj", "{4137BDC7-1414-4393-9910-6C5815DF7DD1}"
EndProject
Global
	GlobalSection(SolutionConfigurationPlatforms) = preSolution
		Debug|Any CPU = Debug|Any CPU
		Release|Any CPU = Release|Any CPU
	EndGlobalSection
	GlobalSection(ProjectConfigurationPlatforms) = postSolution
		{2B5327C0-ACDC-4B8D-BF06-7F93B46E230D}.Debug|Any CPU.ActiveCfg = Debug|Any CPU
		{2B5327C0-ACDC-4B8D-BF06-7F93B46E230D}.Debug|Any CPU.Build.0 = Debug|Any CPU
		{2B5327C0-ACDC-4B8D-BF06-7F93B46E230D}.Release|Any CPU.ActiveCfg = Release|Any CPU
		{2B5327C0-ACDC-4B8D-BF06-7F93B46E230D}.Release|Any CPU.Build.0 = Release|Any CPU
		{748936C1-3299-4F4B-A7E3-1F6D34BD66C4}.Debug|Any CPU.ActiveCfg = Debug|Any CPU
		{748936C1-3299-4F4B-A7E3-1F6D34BD66C4}.Debug|Any CPU.Build.0 = Debug|Any CPU
		{748936C1-3299-4F4B-A7E3-1F6D34BD66C4}.Release|Any CPU.ActiveCfg = Release|Any CPU
		{748936C1-3299-4F4B-A7E3-1F6D34BD66C4}.Release|Any CPU.Build.0 = Release|Any CPU
		{4137BDC7-1414-4393-9910-6C5815DF7DD1}.Debug|Any CPU.ActiveCfg = Debug|Any CPU
		{4137BDC7-1414-4393-9910-6C5815DF7DD1}.Debug|Any CPU.Build.0 = Debug|Any CPU
		{4137BDC7-1414-4393-9910-6C5815DF7DD1}.Release|Any CPU.ActiveCfg = Release|Any CPU
		{4137BDC7-1414-4393-9910-6C5815DF7DD1}.Release|Any CPU.Build.0 = Release|Any CPU
	EndGlobalSection
EndGlobal
